
Microsoft Visual Studio Solution File, Format Version 12.00
# Visual Studio 15
VisualStudioVersion = 15.0.28307.1401
MinimumVisualStudioVersion = 10.0.40219.1
Project("{FAE04EC0-301F-11D3-BF4B-00C04F79EFBC}") = "ProductManagementSystem", "ProductManagementSystem\ProductManagementSystem.csproj", "{BE0BE493-AC6E-4F6A-BA5C-0ABA0BB9B2FE}"
EndProject
Global
	GlobalSection(SolutionConfigurationPlatforms) = preSolution
		Debug|Any CPU = Debug|Any CPU
		Release|Any CPU = Release|Any CPU
	EndGlobalSection
	GlobalSection(ProjectConfigurationPlatforms) = postSolution
		{BE0BE493-AC6E-4F6A-BA5C-0ABA0BB9B2FE}.Debug|Any CPU.ActiveCfg = Debug|Any CPU
		{BE0BE493-AC6E-4F6A-BA5C-0ABA0BB9B2FE}.Debug|Any CPU.Build.0 = Debug|Any CPU
		{BE0BE493-AC6E-4F6A-BA5C-0ABA0BB9B2FE}.Release|Any CPU.ActiveCfg = Release|Any CPU
		{BE0BE493-AC6E-4F6A-BA5C-0ABA0BB9B2FE}.Release|Any CPU.Build.0 = Release|Any CPU
	EndGlobalSection
	GlobalSection(SolutionProperties) = preSolution
		HideSolutionNode = FALSE
	EndGlobalSection
	GlobalSection(ExtensibilityGlobals) = postSolution
		SolutionGuid = {A2D93B6D-A009-47DA-B142-8FA670FD9950}
	EndGlobalSection
EndGlobal
